// !$*UTF8*$!
{
	archiveVersion = 1;
	classes = {
	};
	objectVersion = 46;
	objects = {

/* Begin PBXBuildFile section */
		C7D964FB1A1786BD0052F3C1 /* AppDelegate.swift in Sources */ = {isa = PBXBuildFile; fileRef = C7D964FA1A1786BD0052F3C1 /* AppDelegate.swift */; };
		C7D964FD1A1786BD0052F3C1 /* ViewController.swift in Sources */ = {isa = PBXBuildFile; fileRef = C7D964FC1A1786BD0052F3C1 /* ViewController.swift */; };
		C7D965001A1786BD0052F3C1 /* Main.storyboard in Resources */ = {isa = PBXBuildFile; fileRef = C7D964FE1A1786BD0052F3C1 /* Main.storyboard */; };
		C7D965021A1786BD0052F3C1 /* Images.xcassets in Resources */ = {isa = PBXBuildFile; fileRef = C7D965011A1786BD0052F3C1 /* Images.xcassets */; };
		C7D965051A1786BD0052F3C1 /* LaunchScreen.xib in Resources */ = {isa = PBXBuildFile; fileRef = C7D965031A1786BD0052F3C1 /* LaunchScreen.xib */; };
		C7D965111A1786BD0052F3C1 /* PostCardTests.swift in Sources */ = {isa = PBXBuildFile; fileRef = C7D965101A1786BD0052F3C1 /* PostCardTests.swift */; };
		C7D9651D1A178AAE0052F3C1 /* AlbertEinsteinStamp.jpg in Resources */ = {isa = PBXBuildFile; fileRef = C7D9651B1A178AAE0052F3C1 /* AlbertEinsteinStamp.jpg */; };
		C7D9651E1A178AAE0052F3C1 /* SagradaFamilia.jpeg in Resources */ = {isa = PBXBuildFile; fileRef = C7D9651C1A178AAE0052F3C1 /* SagradaFamilia.jpeg */; };
/* End PBXBuildFile section */

/* Begin PBXContainerItemProxy section */
		C7D9650B1A1786BD0052F3C1 /* PBXContainerItemProxy */ = {
			isa = PBXContainerItemProxy;
			containerPortal = C7D964ED1A1786BD0052F3C1 /* Project object */;
			proxyType = 1;
			remoteGlobalIDString = C7D964F41A1786BD0052F3C1;
			remoteInfo = PostCard;
		};
/* End PBXContainerItemProxy section */

/* Begin PBXFileReference section */
		C7D964F51A1786BD0052F3C1 /* PostCard.app */ = {isa = PBXFileReference; explicitFileType = wrapper.application; includeInIndex = 0; path = PostCard.app; sourceTree = BUILT_PRODUCTS_DIR; };
		C7D964F91A1786BD0052F3C1 /* Info.plist */ = {isa = PBXFileReference; lastKnownFileType = text.plist.xml; path = Info.plist; sourceTree = "<group>"; };
		C7D964FA1A1786BD0052F3C1 /* AppDelegate.swift */ = {isa = PBXFileReference; lastKnownFileType = sourcecode.swift; path = AppDelegate.swift; sourceTree = "<group>"; };
		C7D964FC1A1786BD0052F3C1 /* ViewController.swift */ = {isa = PBXFileReference; lastKnownFileType = sourcecode.swift; path = ViewController.swift; sourceTree = "<group>"; };
		C7D964FF1A1786BD0052F3C1 /* Base */ = {isa = PBXFileReference; lastKnownFileType = file.storyboard; name = Base; path = Base.lproj/Main.storyboard; sourceTree = "<group>"; };
		C7D965011A1786BD0052F3C1 /* Images.xcassets */ = {isa = PBXFileReference; lastKnownFileType = folder.assetcatalog; path = Images.xcassets; sourceTree = "<group>"; };
		C7D965041A1786BD0052F3C1 /* Base */ = {isa = PBXFileReference; lastKnownFileType = file.xib; name = Base; path = Base.lproj/LaunchScreen.xib; sourceTree = "<group>"; };
		C7D9650A1A1786BD0052F3C1 /* PostCardTests.xctest */ = {isa = PBXFileReference; explicitFileType = wrapper.cfbundle; includeInIndex = 0; path = PostCardTests.xctest; sourceTree = BUILT_PRODUCTS_DIR; };
		C7D9650F1A1786BD0052F3C1 /* Info.plist */ = {isa = PBXFileReference; lastKnownFileType = text.plist.xml; path = Info.plist; sourceTree = "<group>"; };
		C7D965101A1786BD0052F3C1 /* PostCardTests.swift */ = {isa = PBXFileReference; lastKnownFileType = sourcecode.swift; path = PostCardTests.swift; sourceTree = "<group>"; };
		C7D9651B1A178AAE0052F3C1 /* AlbertEinsteinStamp.jpg */ = {isa = PBXFileReference; lastKnownFileType = image.jpeg; path = AlbertEinsteinStamp.jpg; sourceTree = "<group>"; };
		C7D9651C1A178AAE0052F3C1 /* SagradaFamilia.jpeg */ = {isa = PBXFileReference; lastKnownFileType = image.jpeg; path = SagradaFamilia.jpeg; sourceTree = "<group>"; };
/* End PBXFileReference section */

/* Begin PBXFrameworksBuildPhase section */
		C7D964F21A1786BD0052F3C1 /* Frameworks */ = {
			isa = PBXFrameworksBuildPhase;
			buildActionMask = 2147483647;
			files = (
			);
			runOnlyForDeploymentPostprocessing = 0;
		};
		C7D965071A1786BD0052F3C1 /* Frameworks */ = {
			isa = PBXFrameworksBuildPhase;
			buildActionMask = 2147483647;
			files = (
			);
			runOnlyForDeploymentPostprocessing = 0;
		};
/* End PBXFrameworksBuildPhase section */

/* Begin PBXGroup section */
		C7D964EC1A1786BD0052F3C1 = {
			isa = PBXGroup;
			children = (
				C7D964F71A1786BD0052F3C1 /* PostCard */,
				C7D9650D1A1786BD0052F3C1 /* PostCardTests */,
				C7D964F61A1786BD0052F3C1 /* Products */,
			);
			sourceTree = "<group>";
		};
		C7D964F61A1786BD0052F3C1 /* Products */ = {
			isa = PBXGroup;
			children = (
				C7D964F51A1786BD0052F3C1 /* PostCard.app */,
				C7D9650A1A1786BD0052F3C1 /* PostCardTests.xctest */,
			);
			name = Products;
			sourceTree = "<group>";
		};
		C7D964F71A1786BD0052F3C1 /* PostCard */ = {
			isa = PBXGroup;
			children = (
				C7D9651A1A178AAE0052F3C1 /* images */,
				C7D964FA1A1786BD0052F3C1 /* AppDelegate.swift */,
				C7D964FC1A1786BD0052F3C1 /* ViewController.swift */,
				C7D964FE1A1786BD0052F3C1 /* Main.storyboard */,
				C7D965011A1786BD0052F3C1 /* Images.xcassets */,
				C7D965031A1786BD0052F3C1 /* LaunchScreen.xib */,
				C7D964F81A1786BD0052F3C1 /* Supporting Files */,
			);
			path = PostCard;
			sourceTree = "<group>";
		};
		C7D964F81A1786BD0052F3C1 /* Supporting Files */ = {
			isa = PBXGroup;
			children = (
				C7D964F91A1786BD0052F3C1 /* Info.plist */,
			);
			name = "Supporting Files";
			sourceTree = "<group>";
		};
		C7D9650D1A1786BD0052F3C1 /* PostCardTests */ = {
			isa = PBXGroup;
			children = (
				C7D965101A1786BD0052F3C1 /* PostCardTests.swift */,
				C7D9650E1A1786BD0052F3C1 /* Supporting Files */,
			);
			path = PostCardTests;
			sourceTree = "<group>";
		};
		C7D9650E1A1786BD0052F3C1 /* Supporting Files */ = {
			isa = PBXGroup;
			children = (
				C7D9650F1A1786BD0052F3C1 /* Info.plist */,
			);
			name = "Supporting Files";
			sourceTree = "<group>";
		};
		C7D9651A1A178AAE0052F3C1 /* images */ = {
			isa = PBXGroup;
			children = (
				C7D9651B1A178AAE0052F3C1 /* AlbertEinsteinStamp.jpg */,
				C7D9651C1A178AAE0052F3C1 /* SagradaFamilia.jpeg */,
			);
			path = images;
			sourceTree = "<group>";
		};
/* End PBXGroup section */

/* Begin PBXNativeTarget section */
		C7D964F41A1786BD0052F3C1 /* PostCard */ = {
			isa = PBXNativeTarget;
			buildConfigurationList = C7D965141A1786BD0052F3C1 /* Build configuration list for PBXNativeTarget "PostCard" */;
			buildPhases = (
				C7D964F11A1786BD0052F3C1 /* Sources */,
				C7D964F21A1786BD0052F3C1 /* Frameworks */,
				C7D964F31A1786BD0052F3C1 /* Resources */,
			);
			buildRules = (
			);
			dependencies = (
			);
			name = PostCard;
			productName = PostCard;
			productReference = C7D964F51A1786BD0052F3C1 /* PostCard.app */;
			productType = "com.apple.product-type.application";
		};
		C7D965091A1786BD0052F3C1 /* PostCardTests */ = {
			isa = PBXNativeTarget;
			buildConfigurationList = C7D965171A1786BD0052F3C1 /* Build configuration list for PBXNativeTarget "PostCardTests" */;
			buildPhases = (
				C7D965061A1786BD0052F3C1 /* Sources */,
				C7D965071A1786BD0052F3C1 /* Frameworks */,
				C7D965081A1786BD0052F3C1 /* Resources */,
			);
			buildRules = (
			);
			dependencies = (
				C7D9650C1A1786BD0052F3C1 /* PBXTargetDependency */,
			);
			name = PostCardTests;
			productName = PostCardTests;
			productReference = C7D9650A1A1786BD0052F3C1 /* PostCardTests.xctest */;
			productType = "com.apple.product-type.bundle.unit-test";
		};
/* End PBXNativeTarget section */

/* Begin PBXProject section */
		C7D964ED1A1786BD0052F3C1 /* Project object */ = {
			isa = PBXProject;
			attributes = {
				LastUpgradeCheck = 0610;
				ORGANIZATIONNAME = iCoder;
				TargetAttributes = {
					C7D964F41A1786BD0052F3C1 = {
						CreatedOnToolsVersion = 6.1;
					};
					C7D965091A1786BD0052F3C1 = {
						CreatedOnToolsVersion = 6.1;
						TestTargetID = C7D964F41A1786BD0052F3C1;
					};
				};
			};
			buildConfigurationList = C7D964F01A1786BD0052F3C1 /* Build configuration list for PBXProject "PostCard" */;
			compatibilityVersion = "Xcode 3.2";
			developmentRegion = English;
			hasScannedForEncodings = 0;
			knownRegions = (
				en,
				Base,
			);
			mainGroup = C7D964EC1A1786BD0052F3C1;
			productRefGroup = C7D964F61A1786BD0052F3C1 /* Products */;
			projectDirPath = "";
			projectRoot = "";
			targets = (
				C7D964F41A1786BD0052F3C1 /* PostCard */,
				C7D965091A1786BD0052F3C1 /* PostCardTests */,
			);
		};
/* End PBXProject section */

/* Begin PBXResourcesBuildPhase section */
		C7D964F31A1786BD0052F3C1 /* Resources */ = {
			isa = PBXResourcesBuildPhase;
			buildActionMask = 2147483647;
			files = (
				C7D9651D1A178AAE0052F3C1 /* AlbertEinsteinStamp.jpg in Resources */,
				C7D965001A1786BD0052F3C1 /* Main.storyboard in Resources */,
				C7D965051A1786BD0052F3C1 /* LaunchScreen.xib in Resources */,
				C7D965021A1786BD0052F3C1 /* Images.xcassets in Resources */,
				C7D9651E1A178AAE0052F3C1 /* SagradaFamilia.jpeg in Resources */,
			);
			runOnlyForDeploymentPostprocessing = 0;
		};
		C7D965081A1786BD0052F3C1 /* Resources */ = {
			isa = PBXResourcesBuildPhase;
			buildActionMask = 2147483647;
			files = (
			);
			runOnlyForDeploymentPostprocessing = 0;
		};
/* End PBXResourcesBuildPhase section */

/* Begin PBXSourcesBuildPhase section */
		C7D964F11A1786BD0052F3C1 /* Sources */ = {
			isa = PBXSourcesBuildPhase;
			buildActionMask = 2147483647;
			files = (
				C7D964FD1A1786BD0052F3C1 /* ViewController.swift in Sources */,
				C7D964FB1A1786BD0052F3C1 /* AppDelegate.swift in Sources */,
			);
			runOnlyForDeploymentPostprocessing = 0;
		};
		C7D965061A1786BD0052F3C1 /* Sources */ = {
			isa = PBXSourcesBuildPhase;
			buildActionMask = 2147483647;
			files = (
				C7D965111A1786BD0052F3C1 /* PostCardTests.swift in Sources */,
			);
			runOnlyForDeploymentPostprocessing = 0;
		};
/* End PBXSourcesBuildPhase section */

/* Begin PBXTargetDependency section */
		C7D9650C1A1786BD0052F3C1 /* PBXTargetDependency */ = {
			isa = PBXTargetDependency;
			target = C7D964F41A1786BD0052F3C1 /* PostCard */;
			targetProxy = C7D9650B1A1786BD0052F3C1 /* PBXContainerItemProxy */;
		};
/* End PBXTargetDependency section */

/* Begin PBXVariantGroup section */
		C7D964FE1A1786BD0052F3C1 /* Main.storyboard */ = {
			isa = PBXVariantGroup;
			children = (
				C7D964FF1A1786BD0052F3C1 /* Base */,
			);
			name = Main.storyboard;
			sourceTree = "<group>";
		};
		C7D965031A1786BD0052F3C1 /* LaunchScreen.xib */ = {
			isa = PBXVariantGroup;
			children = (
				C7D965041A1786BD0052F3C1 /* Base */,
			);
			name = LaunchScreen.xib;
			sourceTree = "<group>";
		};
/* End PBXVariantGroup section */

/* Begin XCBuildConfiguration section */
		C7D965121A1786BD0052F3C1 /* Debug */ = {
			isa = XCBuildConfiguration;
			buildSettings = {
				ALWAYS_SEARCH_USER_PATHS = NO;
				CLANG_CXX_LANGUAGE_STANDARD = "gnu++0x";
				CLANG_CXX_LIBRARY = "libc++";
				CLANG_ENABLE_MODULES = YES;
				CLANG_ENABLE_OBJC_ARC = YES;
				CLANG_WARN_BOOL_CONVERSION = YES;
				CLANG_WARN_CONSTANT_CONVERSION = YES;
				CLANG_WARN_DIRECT_OBJC_ISA_USAGE = YES_ERROR;
				CLANG_WARN_EMPTY_BODY = YES;
				CLANG_WARN_ENUM_CONVERSION = YES;
				CLANG_WARN_INT_CONVERSION = YES;
				CLANG_WARN_OBJC_ROOT_CLASS = YES_ERROR;
				CLANG_WARN_UNREACHABLE_CODE = YES;
				CLANG_WARN__DUPLICATE_METHOD_MATCH = YES;
				"CODE_SIGN_IDENTITY[sdk=iphoneos*]" = "iPhone Developer";
				COPY_PHASE_STRIP = NO;
				ENABLE_STRICT_OBJC_MSGSEND = YES;
				GCC_C_LANGUAGE_STANDARD = gnu99;
				GCC_DYNAMIC_NO_PIC = NO;
				GCC_OPTIMIZATION_LEVEL = 0;
				GCC_PREPROCESSOR_DEFINITIONS = (
					"DEBUG=1",
					"$(inherited)",
				);
				GCC_SYMBOLS_PRIVATE_EXTERN = NO;
				GCC_WARN_64_TO_32_BIT_CONVERSION = YES;
				GCC_WARN_ABOUT_RETURN_TYPE = YES_ERROR;
				GCC_WARN_UNDECLARED_SELECTOR = YES;
				GCC_WARN_UNINITIALIZED_AUTOS = YES_AGGRESSIVE;
				GCC_WARN_UNUSED_FUNCTION = YES;
				GCC_WARN_UNUSED_VARIABLE = YES;
				IPHONEOS_DEPLOYMENT_TARGET = 8.1;
				MTL_ENABLE_DEBUG_INFO = YES;
				ONLY_ACTIVE_ARCH = YES;
				SDKROOT = iphoneos;
				SWIFT_OPTIMIZATION_LEVEL = "-Onone";
				TARGETED_DEVICE_FAMILY = 2;
			};
			name = Debug;
		};
		C7D965131A1786BD0052F3C1 /* Release */ = {
			isa = XCBuildConfiguration;
			buildSettings = {
				ALWAYS_SEARCH_USER_PATHS = NO;
				CLANG_CXX_LANGUAGE_STANDARD = "gnu++0x";
				CLANG_CXX_LIBRARY = "libc++";
				CLANG_ENABLE_MODULES = YES;
				CLANG_ENABLE_OBJC_ARC = YES;
				CLANG_WARN_BOOL_CONVERSION = YES;
				CLANG_WARN_CONSTANT_CONVERSION = YES;
				CLANG_WARN_DIRECT_OBJC_ISA_USAGE = YES_ERROR;
				CLANG_WARN_EMPTY_BODY = YES;
				CLANG_WARN_ENUM_CONVERSION = YES;
				CLANG_WARN_INT_CONVERSION = YES;
				CLANG_WARN_OBJC_ROOT_CLASS = YES_ERROR;
				CLANG_WARN_UNREACHABLE_CODE = YES;
				CLANG_WARN__DUPLICATE_METHOD_MATCH = YES;
				"CODE_SIGN_IDENTITY[sdk=iphoneos*]" = "iPhone Developer";
				COPY_PHASE_STRIP = YES;
				ENABLE_NS_ASSERTIONS = NO;
				ENABLE_STRICT_OBJC_MSGSEND = YES;
				GCC_C_LANGUAGE_STANDARD = gnu99;
				GCC_WARN_64_TO_32_BIT_CONVERSION = YES;
				GCC_WARN_ABOUT_RETURN_TYPE = YES_ERROR;
				GCC_WARN_UNDECLARED_SELECTOR = YES;
				GCC_WARN_UNINITIALIZED_AUTOS = YES_AGGRESSIVE;
				GCC_WARN_UNUSED_FUNCTION = YES;
				GCC_WARN_UNUSED_VARIABLE = YES;
				IPHONEOS_DEPLOYMENT_TARGET = 8.1;
				MTL_ENABLE_DEBUG_INFO = NO;
				SDKROOT = iphoneos;
				TARGETED_DEVICE_FAMILY = 2;
				VALIDATE_PRODUCT = YES;
			};
			name = Release;
		};
		C7D965151A1786BD0052F3C1 /* Debug */ = {
			isa = XCBuildConfiguration;
			buildSettings = {
				ASSETCATALOG_COMPILER_APPICON_NAME = AppIcon;
				INFOPLIST_FILE = PostCard/Info.plist;
				LD_RUNPATH_SEARCH_PATHS = "$(inherited) @executable_path/Frameworks";
				PRODUCT_NAME = "$(TARGET_NAME)";
			};
			name = Debug;
		};
		C7D965161A1786BD0052F3C1 /* Release */ = {
			isa = XCBuildConfiguration;
			buildSettings = {
				ASSETCATALOG_COMPILER_APPICON_NAME = AppIcon;
				INFOPLIST_FILE = PostCard/Info.plist;
				LD_RUNPATH_SEARCH_PATHS = "$(inherited) @executable_path/Frameworks";
				PRODUCT_NAME = "$(TARGET_NAME)";
			};
			name = Release;
		};
		C7D965181A1786BD0052F3C1 /* Debug */ = {
			isa = XCBuildConfiguration;
			buildSettings = {
				BUNDLE_LOADER = "$(TEST_HOST)";
				FRAMEWORK_SEARCH_PATHS = (
					"$(SDKROOT)/Developer/Library/Frameworks",
					"$(inherited)",
				);
				GCC_PREPROCESSOR_DEFINITIONS = (
					"DEBUG=1",
					"$(inherited)",
				);
				INFOPLIST_FILE = PostCardTests/Info.plist;
				LD_RUNPATH_SEARCH_PATHS = "$(inherited) @executable_path/Frameworks @loader_path/Frameworks";
				PRODUCT_NAME = "$(TARGET_NAME)";
				TEST_HOST = "$(BUILT_PRODUCTS_DIR)/PostCard.app/PostCard";
			};
			name = Debug;
		};
		C7D965191A1786BD0052F3C1 /* Release */ = {
			isa = XCBuildConfiguration;
			buildSettings = {
				BUNDLE_LOADER = "$(TEST_HOST)";
				FRAMEWORK_SEARCH_PATHS = (
					"$(SDKROOT)/Developer/Library/Frameworks",
					"$(inherited)",
				);
				INFOPLIST_FILE = PostCardTests/Info.plist;
				LD_RUNPATH_SEARCH_PATHS = "$(inherited) @executable_path/Frameworks @loader_path/Frameworks";
				PRODUCT_NAME = "$(TARGET_NAME)";
				TEST_HOST = "$(BUILT_PRODUCTS_DIR)/PostCard.app/PostCard";
			};
			name = Release;
		};
/* End XCBuildConfiguration section */

/* Begin XCConfigurationList section */
		C7D964F01A1786BD0052F3C1 /* Build configuration list for PBXProject "PostCard" */ = {
			isa = XCConfigurationList;
			buildConfigurations = (
				C7D965121A1786BD0052F3C1 /* Debug */,
				C7D965131A1786BD0052F3C1 /* Release */,
			);
			defaultConfigurationIsVisible = 0;
			defaultConfigurationName = Release;
		};
		C7D965141A1786BD0052F3C1 /* Build configuration list for PBXNativeTarget "PostCard" */ = {
			isa = XCConfigurationList;
			buildConfigurations = (
				C7D965151A1786BD0052F3C1 /* Debug */,
				C7D965161A1786BD0052F3C1 /* Release */,
			);
			defaultConfigurationIsVisible = 0;
		};
		C7D965171A1786BD0052F3C1 /* Build configuration list for PBXNativeTarget "PostCardTests" */ = {
			isa = XCConfigurationList;
			buildConfigurations = (
				C7D965181A1786BD0052F3C1 /* Debug */,
				C7D965191A1786BD0052F3C1 /* Release */,
			);
			defaultConfigurationIsVisible = 0;
		};
/* End XCConfigurationList section */
	};
	rootObject = C7D964ED1A1786BD0052F3C1 /* Project object */;
}
